
Microsoft Visual Studio Solution File, Format Version 12.00
# Visual Studio Version 17
VisualStudioVersion = 17.7.34024.191
MinimumVisualStudioVersion = 10.0.40219.1
Project("{FAE04EC0-301F-11D3-BF4B-00C04F79EFBC}") = "Class", "Class.csproj", "{BFBC3E12-8FD8-4E49-BFA5-0D6E2A4FA4DA}"
EndProject
Global
	GlobalSection(SolutionConfigurationPlatforms) = preSolution
		Debug|Any CPU = Debug|Any CPU
		Release|Any CPU = Release|Any CPU
	EndGlobalSection
	GlobalSection(ProjectConfigurationPlatforms) = postSolution
		{BFBC3E12-8FD8-4E49-BFA5-0D6E2A4FA4DA}.Debug|Any CPU.ActiveCfg = Debug|Any CPU
		{BFBC3E12-8FD8-4E49-BFA5-0D6E2A4FA4DA}.Debug|Any CPU.Build.0 = Debug|Any CPU
		{BFBC3E12-8FD8-4E49-BFA5-0D6E2A4FA4DA}.Release|Any CPU.ActiveCfg = Release|Any CPU
		{BFBC3E12-8FD8-4E49-BFA5-0D6E2A4FA4DA}.Release|Any CPU.Build.0 = Release|Any CPU
	EndGlobalSection
	GlobalSection(SolutionProperties) = preSolution
		HideSolutionNode = FALSE
	EndGlobalSection
	GlobalSection(ExtensibilityGlobals) = postSolution
		SolutionGuid = {0FAABC74-D8DF-4ADA-BFAA-50BC5A9DF944}
	EndGlobalSection
EndGlobal
